PODS:
  - Alamofire (5.0.0)
  - LBTAComponents (0.1.9)
  - SwiftyJSON (5.0.0)
  - TRON (5.0.0):
    - Alamofire (~> 5.0.0)
    - TRON/Core (= 5.0.0)
  - TRON/Core (5.0.0):
    - Alamofire (~> 5.0.0)

DEPENDENCIES:
  - LBTAComponents
  - SwiftyJSON
  - TRON (~> 5.0.0)

SPEC REPOS:
  trunk:
    - Alamofire
    - LBTAComponents
    - SwiftyJSON
    - TRON

SPEC CHECKSUMS:
  Alamofire: 58ff2bfb8daaacaa233d5c36e37b10a5248f59b1
  LBTAComponents: 9a5d314080d1f80208062ccc81a2d25225c5f572
  SwiftyJSON: 36413e04c44ee145039d332b4f4e2d3e8d6c4db7
  TRON: eedc71827468743fc3e054d00451102db0bfe845

PODFILE CHECKSUM: 9e674af20c6a64e0a0c5121745f07f8a74c06133

COCOAPODS: 1.8.4
