// !$*UTF8*$!
{
	archiveVersion = 1;
	classes = {
	};
	objectVersion = 46;
	objects = {

/* Begin PBXBuildFile section */
		1F0EDB3E1F6E6EC200B3325E /* AppDelegate.swift in Sources */ = {isa = PBXBuildFile; fileRef = 1F0EDB3D1F6E6EC200B3325E /* AppDelegate.swift */; };
		1F0EDB431F6E6EC500B3325E /* Main.storyboard in Resources */ = {isa = PBXBuildFile; fileRef = 1F0EDB411F6E6EC500B3325E /* Main.storyboard */; };
		1F0EDB461F6E6EC800B3325E /* twitter_app.xcdatamodeld in Sources */ = {isa = PBXBuildFile; fileRef = 1F0EDB441F6E6EC700B3325E /* twitter_app.xcdatamodeld */; };
		1F0EDB481F6E6EC800B3325E /* Assets.xcassets in Resources */ = {isa = PBXBuildFile; fileRef = 1F0EDB471F6E6EC800B3325E /* Assets.xcassets */; };
		1F0EDB4B1F6E6EC800B3325E /* LaunchScreen.storyboard in Resources */ = {isa = PBXBuildFile; fileRef = 1F0EDB491F6E6EC800B3325E /* LaunchScreen.storyboard */; };
		1F1A72261F7311B500345A3E /* HomeDatasourceController.swift in Sources */ = {isa = PBXBuildFile; fileRef = 1F1A72251F7311B500345A3E /* HomeDatasourceController.swift */; };
		1F1A722B1F73F42C00345A3E /* UserHeaderFooter.swift in Sources */ = {isa = PBXBuildFile; fileRef = 1F1A722A1F73F42C00345A3E /* UserHeaderFooter.swift */; };
		1F1A722D1F73F49800345A3E /* HomeDatasource.swift in Sources */ = {isa = PBXBuildFile; fileRef = 1F1A722C1F73F49800345A3E /* HomeDatasource.swift */; };
		1F1F76CE1F7E102A0063D598 /* tweetCell.swift in Sources */ = {isa = PBXBuildFile; fileRef = 1F1F76CD1F7E102A0063D598 /* tweetCell.swift */; };
		1F1F76D01F7E6F080063D598 /* Tweet.swift in Sources */ = {isa = PBXBuildFile; fileRef = 1F1F76CF1F7E6F080063D598 /* Tweet.swift */; };
		1F21E9D91F71B14A00587539 /* HomeController.swift in Sources */ = {isa = PBXBuildFile; fileRef = 1F21E9D81F71B14900587539 /* HomeController.swift */; };
		1F6606B31F88C4EE005279C3 /* Service.swift in Sources */ = {isa = PBXBuildFile; fileRef = 1F6606B21F88C4EE005279C3 /* Service.swift */; };
		1F75E9031F754657000BA175 /* User.swift in Sources */ = {isa = PBXBuildFile; fileRef = 1F75E9021F754657000BA175 /* User.swift */; };
		1F75E9051F762D75000BA175 /* UserCell.swift in Sources */ = {isa = PBXBuildFile; fileRef = 1F75E9041F762D75000BA175 /* UserCell.swift */; };
		1FEED6F61F7A7D6E00CA801D /* NavBarController.swift in Sources */ = {isa = PBXBuildFile; fileRef = 1FEED6F51F7A7D6D00CA801D /* NavBarController.swift */; };
		C22DBC0EB696670199A417E9 /* Pods_twitter_app.framework in Frameworks */ = {isa = PBXBuildFile; fileRef = 94CCD7ADBFD207725B4279EF /* Pods_twitter_app.framework */; };
/* End PBXBuildFile section */

/* Begin PBXFileReference section */
		1F0EDB3A1F6E6EBE00B3325E /* twitter app.app */ = {isa = PBXFileReference; explicitFileType = wrapper.application; includeInIndex = 0; path = "twitter app.app"; sourceTree = BUILT_PRODUCTS_DIR; };
		1F0EDB3D1F6E6EC200B3325E /* AppDelegate.swift */ = {isa = PBXFileReference; lastKnownFileType = sourcecode.swift; path = AppDelegate.swift; sourceTree = "<group>"; };
		1F0EDB421F6E6EC500B3325E /* Base */ = {isa = PBXFileReference; lastKnownFileType = file.storyboard; name = Base; path = Base.lproj/Main.storyboard; sourceTree = "<group>"; };
		1F0EDB451F6E6EC700B3325E /* twitter_app.xcdatamodel */ = {isa = PBXFileReference; lastKnownFileType = wrapper.xcdatamodel; path = twitter_app.xcdatamodel; sourceTree = "<group>"; };
		1F0EDB471F6E6EC800B3325E /* Assets.xcassets */ = {isa = PBXFileReference; lastKnownFileType = folder.assetcatalog; path = Assets.xcassets; sourceTree = "<group>"; };
		1F0EDB4A1F6E6EC800B3325E /* Base */ = {isa = PBXFileReference; lastKnownFileType = file.storyboard; name = Base; path = Base.lproj/LaunchScreen.storyboard; sourceTree = "<group>"; };
		1F0EDB4C1F6E6EC900B3325E /* Info.plist */ = {isa = PBXFileReference; lastKnownFileType = text.plist.xml; path = Info.plist; sourceTree = "<group>"; };
		1F1A72251F7311B500345A3E /* HomeDatasourceController.swift */ = {isa = PBXFileReference; fileEncoding = 4; lastKnownFileType = sourcecode.swift; path = HomeDatasourceController.swift; sourceTree = "<group>"; };
		1F1A722A1F73F42C00345A3E /* UserHeaderFooter.swift */ = {isa = PBXFileReference; fileEncoding = 4; lastKnownFileType = sourcecode.swift; path = UserHeaderFooter.swift; sourceTree = "<group>"; };
		1F1A722C1F73F49800345A3E /* HomeDatasource.swift */ = {isa = PBXFileReference; fileEncoding = 4; lastKnownFileType = sourcecode.swift; path = HomeDatasource.swift; sourceTree = "<group>"; };
		1F1F76CD1F7E102A0063D598 /* tweetCell.swift */ = {isa = PBXFileReference; fileEncoding = 4; lastKnownFileType = sourcecode.swift; path = tweetCell.swift; sourceTree = "<group>"; };
		1F1F76CF1F7E6F080063D598 /* Tweet.swift */ = {isa = PBXFileReference; fileEncoding = 4; lastKnownFileType = sourcecode.swift; path = Tweet.swift; sourceTree = "<group>"; };
		1F21E9D81F71B14900587539 /* HomeController.swift */ = {isa = PBXFileReference; fileEncoding = 4; lastKnownFileType = sourcecode.swift; path = HomeController.swift; sourceTree = "<group>"; };
		1F6606B21F88C4EE005279C3 /* Service.swift */ = {isa = PBXFileReference; fileEncoding = 4; lastKnownFileType = sourcecode.swift; path = Service.swift; sourceTree = "<group>"; };
		1F75E9021F754657000BA175 /* User.swift */ = {isa = PBXFileReference; fileEncoding = 4; lastKnownFileType = sourcecode.swift; path = User.swift; sourceTree = "<group>"; };
		1F75E9041F762D75000BA175 /* UserCell.swift */ = {isa = PBXFileReference; fileEncoding = 4; lastKnownFileType = sourcecode.swift; path = UserCell.swift; sourceTree = "<group>"; };
		1FEED6F51F7A7D6D00CA801D /* NavBarController.swift */ = {isa = PBXFileReference; fileEncoding = 4; lastKnownFileType = sourcecode.swift; path = NavBarController.swift; sourceTree = "<group>"; };
		4C8DA83EDD4B033E9B9EFEB6 /* Pods-twitter app.release.xcconfig */ = {isa = PBXFileReference; includeInIndex = 1; lastKnownFileType = text.xcconfig; name = "Pods-twitter app.release.xcconfig"; path = "Pods/Target Support Files/Pods-twitter app/Pods-twitter app.release.xcconfig"; sourceTree = "<group>"; };
		94CCD7ADBFD207725B4279EF /* Pods_twitter_app.framework */ = {isa = PBXFileReference; explicitFileType = wrapper.framework; includeInIndex = 0; path = Pods_twitter_app.framework; sourceTree = BUILT_PRODUCTS_DIR; };
		9BC8DC15FD2C8D7D9A648F06 /* Pods-twitter app.debug.xcconfig */ = {isa = PBXFileReference; includeInIndex = 1; lastKnownFileType = text.xcconfig; name = "Pods-twitter app.debug.xcconfig"; path = "Pods/Target Support Files/Pods-twitter app/Pods-twitter app.debug.xcconfig"; sourceTree = "<group>"; };
/* End PBXFileReference section */

/* Begin PBXFrameworksBuildPhase section */
		1F0EDB371F6E6EBD00B3325E /* Frameworks */ = {
			isa = PBXFrameworksBuildPhase;
			buildActionMask = 2147483647;
			files = (
				C22DBC0EB696670199A417E9 /* Pods_twitter_app.framework in Frameworks */,
			);
			runOnlyForDeploymentPostprocessing = 0;
		};
/* End PBXFrameworksBuildPhase section */

/* Begin PBXGroup section */
		1F0EDB311F6E6EB900B3325E = {
			isa = PBXGroup;
			children = (
				1F0EDB3C1F6E6EBF00B3325E /* twitter app */,
				1F0EDB3B1F6E6EBE00B3325E /* Products */,
				460377CFED5C72DF85A87095 /* Pods */,
				4D0DA7738916646E0B4050BB /* Frameworks */,
			);
			sourceTree = "<group>";
		};
		1F0EDB3B1F6E6EBE00B3325E /* Products */ = {
			isa = PBXGroup;
			children = (
				1F0EDB3A1F6E6EBE00B3325E /* twitter app.app */,
			);
			name = Products;
			sourceTree = "<group>";
		};
		1F0EDB3C1F6E6EBF00B3325E /* twitter app */ = {
			isa = PBXGroup;
			children = (
				1F6606B11F88C44A005279C3 /* Service */,
				1F0EDB3D1F6E6EC200B3325E /* AppDelegate.swift */,
				1F1A72281F73F2D300345A3E /* Model */,
				1F1A72271F73F2CA00345A3E /* View */,
				1F1A72291F73F2E200345A3E /* Controller */,
				1F0EDB411F6E6EC500B3325E /* Main.storyboard */,
				1F21E9D81F71B14900587539 /* HomeController.swift */,
				1F0EDB471F6E6EC800B3325E /* Assets.xcassets */,
				1F0EDB491F6E6EC800B3325E /* LaunchScreen.storyboard */,
				1F0EDB4C1F6E6EC900B3325E /* Info.plist */,
				1F0EDB441F6E6EC700B3325E /* twitter_app.xcdatamodeld */,
			);
			path = "twitter app";
			sourceTree = "<group>";
		};
		1F1A72271F73F2CA00345A3E /* View */ = {
			isa = PBXGroup;
			children = (
				1F1A722A1F73F42C00345A3E /* UserHeaderFooter.swift */,
				1F75E9041F762D75000BA175 /* UserCell.swift */,
				1F1F76CD1F7E102A0063D598 /* tweetCell.swift */,
			);
			name = View;
			sourceTree = "<group>";
		};
		1F1A72281F73F2D300345A3E /* Model */ = {
			isa = PBXGroup;
			children = (
				1F1A722C1F73F49800345A3E /* HomeDatasource.swift */,
				1F75E9021F754657000BA175 /* User.swift */,
				1F1F76CF1F7E6F080063D598 /* Tweet.swift */,
			);
			name = Model;
			sourceTree = "<group>";
		};
		1F1A72291F73F2E200345A3E /* Controller */ = {
			isa = PBXGroup;
			children = (
				1F1A72251F7311B500345A3E /* HomeDatasourceController.swift */,
				1FEED6F51F7A7D6D00CA801D /* NavBarController.swift */,
			);
			name = Controller;
			sourceTree = "<group>";
		};
		1F6606B11F88C44A005279C3 /* Service */ = {
			isa = PBXGroup;
			children = (
				1F6606B21F88C4EE005279C3 /* Service.swift */,
			);
			name = Service;
			sourceTree = "<group>";
		};
		460377CFED5C72DF85A87095 /* Pods */ = {
			isa = PBXGroup;
			children = (
				9BC8DC15FD2C8D7D9A648F06 /* Pods-twitter app.debug.xcconfig */,
				4C8DA83EDD4B033E9B9EFEB6 /* Pods-twitter app.release.xcconfig */,
			);
			name = Pods;
			sourceTree = "<group>";
		};
		4D0DA7738916646E0B4050BB /* Frameworks */ = {
			isa = PBXGroup;
			children = (
				94CCD7ADBFD207725B4279EF /* Pods_twitter_app.framework */,
			);
			name = Frameworks;
			sourceTree = "<group>";
		};
/* End PBXGroup section */

/* Begin PBXNativeTarget section */
		1F0EDB391F6E6EBD00B3325E /* twitter app */ = {
			isa = PBXNativeTarget;
			buildConfigurationList = 1F0EDB4F1F6E6EC900B3325E /* Build configuration list for PBXNativeTarget "twitter app" */;
			buildPhases = (
				B952B0DC9F3A04E17950A538 /* [CP] Check Pods Manifest.lock */,
				1F0EDB361F6E6EBD00B3325E /* Sources */,
				1F0EDB371F6E6EBD00B3325E /* Frameworks */,
				1F0EDB381F6E6EBD00B3325E /* Resources */,
				85E622CB60539C233730E044 /* [CP] Embed Pods Frameworks */,
				F88B7D4FC3AFEA8149F6D788 /* [CP] Copy Pods Resources */,
			);
			buildRules = (
			);
			dependencies = (
			);
			name = "twitter app";
			productName = "twitter app";
			productReference = 1F0EDB3A1F6E6EBE00B3325E /* twitter app.app */;
			productType = "com.apple.product-type.application";
		};
/* End PBXNativeTarget section */

/* Begin PBXProject section */
		1F0EDB321F6E6EBB00B3325E /* Project object */ = {
			isa = PBXProject;
			attributes = {
				LastSwiftUpdateCheck = 0820;
				LastUpgradeCheck = 0820;
				ORGANIZATIONNAME = Ahmed.S.Elserafy;
				TargetAttributes = {
					1F0EDB391F6E6EBD00B3325E = {
						CreatedOnToolsVersion = 8.2;
						DevelopmentTeam = WY4TJYTZW4;
						ProvisioningStyle = Automatic;
					};
				};
			};
			buildConfigurationList = 1F0EDB351F6E6EBC00B3325E /* Build configuration list for PBXProject "twitter app" */;
			compatibilityVersion = "Xcode 3.2";
			developmentRegion = English;
			hasScannedForEncodings = 0;
			knownRegions = (
				en,
				Base,
			);
			mainGroup = 1F0EDB311F6E6EB900B3325E;
			productRefGroup = 1F0EDB3B1F6E6EBE00B3325E /* Products */;
			projectDirPath = "";
			projectRoot = "";
			targets = (
				1F0EDB391F6E6EBD00B3325E /* twitter app */,
			);
		};
/* End PBXProject section */

/* Begin PBXResourcesBuildPhase section */
		1F0EDB381F6E6EBD00B3325E /* Resources */ = {
			isa = PBXResourcesBuildPhase;
			buildActionMask = 2147483647;
			files = (
				1F0EDB4B1F6E6EC800B3325E /* LaunchScreen.storyboard in Resources */,
				1F0EDB481F6E6EC800B3325E /* Assets.xcassets in Resources */,
				1F0EDB431F6E6EC500B3325E /* Main.storyboard in Resources */,
			);
			runOnlyForDeploymentPostprocessing = 0;
		};
/* End PBXResourcesBuildPhase section */

/* Begin PBXShellScriptBuildPhase section */
		85E622CB60539C233730E044 /* [CP] Embed Pods Frameworks */ = {
			isa = PBXShellScriptBuildPhase;
			buildActionMask = 2147483647;
			files = (
			);
			inputPaths = (
			);
			name = "[CP] Embed Pods Frameworks";
			outputPaths = (
			);
			runOnlyForDeploymentPostprocessing = 0;
			shellPath = /bin/sh;
			shellScript = "\"${SRCROOT}/Pods/Target Support Files/Pods-twitter app/Pods-twitter app-frameworks.sh\"\n";
			showEnvVarsInLog = 0;
		};
		B952B0DC9F3A04E17950A538 /* [CP] Check Pods Manifest.lock */ = {
			isa = PBXShellScriptBuildPhase;
			buildActionMask = 2147483647;
			files = (
			);
			inputPaths = (
			);
			name = "[CP] Check Pods Manifest.lock";
			outputPaths = (
			);
			runOnlyForDeploymentPostprocessing = 0;
			shellPath = /bin/sh;
			shellScript = "diff \"${PODS_PODFILE_DIR_PATH}/Podfile.lock\" \"${PODS_ROOT}/Manifest.lock\" > /dev/null\nif [ $? != 0 ] ; then\n    # print error to STDERR\n    echo \"error: The sandbox is not in sync with the Podfile.lock. Run 'pod install' or update your CocoaPods installation.\" >&2\n    exit 1\nfi\n";
			showEnvVarsInLog = 0;
		};
		F88B7D4FC3AFEA8149F6D788 /* [CP] Copy Pods Resources */ = {
			isa = PBXShellScriptBuildPhase;
			buildActionMask = 2147483647;
			files = (
			);
			inputPaths = (
			);
			name = "[CP] Copy Pods Resources";
			outputPaths = (
			);
			runOnlyForDeploymentPostprocessing = 0;
			shellPath = /bin/sh;
			shellScript = "\"${SRCROOT}/Pods/Target Support Files/Pods-twitter app/Pods-twitter app-resources.sh\"\n";
			showEnvVarsInLog = 0;
		};
/* End PBXShellScriptBuildPhase section */

/* Begin PBXSourcesBuildPhase section */
		1F0EDB361F6E6EBD00B3325E /* Sources */ = {
			isa = PBXSourcesBuildPhase;
			buildActionMask = 2147483647;
			files = (
				1F75E9051F762D75000BA175 /* UserCell.swift in Sources */,
				1F21E9D91F71B14A00587539 /* HomeController.swift in Sources */,
				1F1A72261F7311B500345A3E /* HomeDatasourceController.swift in Sources */,
				1F1A722B1F73F42C00345A3E /* UserHeaderFooter.swift in Sources */,
				1F1A722D1F73F49800345A3E /* HomeDatasource.swift in Sources */,
				1F6606B31F88C4EE005279C3 /* Service.swift in Sources */,
				1F1F76CE1F7E102A0063D598 /* tweetCell.swift in Sources */,
				1F0EDB461F6E6EC800B3325E /* twitter_app.xcdatamodeld in Sources */,
				1F0EDB3E1F6E6EC200B3325E /* AppDelegate.swift in Sources */,
				1FEED6F61F7A7D6E00CA801D /* NavBarController.swift in Sources */,
				1F75E9031F754657000BA175 /* User.swift in Sources */,
				1F1F76D01F7E6F080063D598 /* Tweet.swift in Sources */,
			);
			runOnlyForDeploymentPostprocessing = 0;
		};
/* End PBXSourcesBuildPhase section */

/* Begin PBXVariantGroup section */
		1F0EDB411F6E6EC500B3325E /* Main.storyboard */ = {
			isa = PBXVariantGroup;
			children = (
				1F0EDB421F6E6EC500B3325E /* Base */,
			);
			name = Main.storyboard;
			sourceTree = "<group>";
		};
		1F0EDB491F6E6EC800B3325E /* LaunchScreen.storyboard */ = {
			isa = PBXVariantGroup;
			children = (
				1F0EDB4A1F6E6EC800B3325E /* Base */,
			);
			name = LaunchScreen.storyboard;
			sourceTree = "<group>";
		};
/* End PBXVariantGroup section */

/* Begin XCBuildConfiguration section */
		1F0EDB4D1F6E6EC900B3325E /* Debug */ = {
			isa = XCBuildConfiguration;
			buildSettings = {
				ALWAYS_SEARCH_USER_PATHS = NO;
				CLANG_ANALYZER_NONNULL = YES;
				CLANG_CXX_LANGUAGE_STANDARD = "gnu++0x";
				CLANG_CXX_LIBRARY = "libc++";
				CLANG_ENABLE_MODULES = YES;
				CLANG_ENABLE_OBJC_ARC = YES;
				CLANG_WARN_BOOL_CONVERSION = YES;
				CLANG_WARN_CONSTANT_CONVERSION = YES;
				CLANG_WARN_DIRECT_OBJC_ISA_USAGE = YES_ERROR;
				CLANG_WARN_DOCUMENTATION_COMMENTS = YES;
				CLANG_WARN_EMPTY_BODY = YES;
				CLANG_WARN_ENUM_CONVERSION = YES;
				CLANG_WARN_INFINITE_RECURSION = YES;
				CLANG_WARN_INT_CONVERSION = YES;
				CLANG_WARN_OBJC_ROOT_CLASS = YES_ERROR;
				CLANG_WARN_SUSPICIOUS_MOVE = YES;
				CLANG_WARN_UNREACHABLE_CODE = YES;
				CLANG_WARN__DUPLICATE_METHOD_MATCH = YES;
				"CODE_SIGN_IDENTITY[sdk=iphoneos*]" = "iPhone Developer";
				COPY_PHASE_STRIP = NO;
				DEBUG_INFORMATION_FORMAT = dwarf;
				ENABLE_STRICT_OBJC_MSGSEND = YES;
				ENABLE_TESTABILITY = YES;
				GCC_C_LANGUAGE_STANDARD = gnu99;
				GCC_DYNAMIC_NO_PIC = NO;
				GCC_NO_COMMON_BLOCKS = YES;
				GCC_OPTIMIZATION_LEVEL = 0;
				GCC_PREPROCESSOR_DEFINITIONS = (
					"DEBUG=1",
					"$(inherited)",
				);
				GCC_WARN_64_TO_32_BIT_CONVERSION = YES;
				GCC_WARN_ABOUT_RETURN_TYPE = YES_ERROR;
				GCC_WARN_UNDECLARED_SELECTOR = YES;
				GCC_WARN_UNINITIALIZED_AUTOS = YES_AGGRESSIVE;
				GCC_WARN_UNUSED_FUNCTION = YES;
				GCC_WARN_UNUSED_VARIABLE = YES;
				IPHONEOS_DEPLOYMENT_TARGET = 10.2;
				MTL_ENABLE_DEBUG_INFO = YES;
				ONLY_ACTIVE_ARCH = YES;
				SDKROOT = iphoneos;
				SWIFT_ACTIVE_COMPILATION_CONDITIONS = DEBUG;
				SWIFT_OPTIMIZATION_LEVEL = "-Onone";
				TARGETED_DEVICE_FAMILY = "1,2";
			};
			name = Debug;
		};
		1F0EDB4E1F6E6EC900B3325E /* Release */ = {
			isa = XCBuildConfiguration;
			buildSettings = {
				ALWAYS_SEARCH_USER_PATHS = NO;
				CLANG_ANALYZER_NONNULL = YES;
				CLANG_CXX_LANGUAGE_STANDARD = "gnu++0x";
				CLANG_CXX_LIBRARY = "libc++";
				CLANG_ENABLE_MODULES = YES;
				CLANG_ENABLE_OBJC_ARC = YES;
				CLANG_WARN_BOOL_CONVERSION = YES;
				CLANG_WARN_CONSTANT_CONVERSION = YES;
				CLANG_WARN_DIRECT_OBJC_ISA_USAGE = YES_ERROR;
				CLANG_WARN_DOCUMENTATION_COMMENTS = YES;
				CLANG_WARN_EMPTY_BODY = YES;
				CLANG_WARN_ENUM_CONVERSION = YES;
				CLANG_WARN_INFINITE_RECURSION = YES;
				CLANG_WARN_INT_CONVERSION = YES;
				CLANG_WARN_OBJC_ROOT_CLASS = YES_ERROR;
				CLANG_WARN_SUSPICIOUS_MOVE = YES;
				CLANG_WARN_UNREACHABLE_CODE = YES;
				CLANG_WARN__DUPLICATE_METHOD_MATCH = YES;
				"CODE_SIGN_IDENTITY[sdk=iphoneos*]" = "iPhone Developer";
				COPY_PHASE_STRIP = NO;
				DEBUG_INFORMATION_FORMAT = "dwarf-with-dsym";
				ENABLE_NS_ASSERTIONS = NO;
				ENABLE_STRICT_OBJC_MSGSEND = YES;
				GCC_C_LANGUAGE_STANDARD = gnu99;
				GCC_NO_COMMON_BLOCKS = YES;
				GCC_WARN_64_TO_32_BIT_CONVERSION = YES;
				GCC_WARN_ABOUT_RETURN_TYPE = YES_ERROR;
				GCC_WARN_UNDECLARED_SELECTOR = YES;
				GCC_WARN_UNINITIALIZED_AUTOS = YES_AGGRESSIVE;
				GCC_WARN_UNUSED_FUNCTION = YES;
				GCC_WARN_UNUSED_VARIABLE = YES;
				IPHONEOS_DEPLOYMENT_TARGET = 10.2;
				MTL_ENABLE_DEBUG_INFO = NO;
				SDKROOT = iphoneos;
				SWIFT_OPTIMIZATION_LEVEL = "-Owholemodule";
				TARGETED_DEVICE_FAMILY = "1,2";
				VALIDATE_PRODUCT = YES;
			};
			name = Release;
		};
		1F0EDB501F6E6EC900B3325E /* Debug */ = {
			isa = XCBuildConfiguration;
			baseConfigurationReference = 9BC8DC15FD2C8D7D9A648F06 /* Pods-twitter app.debug.xcconfig */;
			buildSettings = {
				ASSETCATALOG_COMPILER_APPICON_NAME = AppIcon;
				DEVELOPMENT_TEAM = WY4TJYTZW4;
				INFOPLIST_FILE = "twitter app/Info.plist";
				LD_RUNPATH_SEARCH_PATHS = "$(inherited) @executable_path/Frameworks";
				PRODUCT_BUNDLE_IDENTIFIER = "com.AhmedElserafy.twitter-app";
				PRODUCT_NAME = "$(TARGET_NAME)";
				SWIFT_VERSION = 3.0;
			};
			name = Debug;
		};
		1F0EDB511F6E6EC900B3325E /* Release */ = {
			isa = XCBuildConfiguration;
			baseConfigurationReference = 4C8DA83EDD4B033E9B9EFEB6 /* Pods-twitter app.release.xcconfig */;
			buildSettings = {
				ASSETCATALOG_COMPILER_APPICON_NAME = AppIcon;
				DEVELOPMENT_TEAM = WY4TJYTZW4;
				INFOPLIST_FILE = "twitter app/Info.plist";
				LD_RUNPATH_SEARCH_PATHS = "$(inherited) @executable_path/Frameworks";
				PRODUCT_BUNDLE_IDENTIFIER = "com.AhmedElserafy.twitter-app";
				PRODUCT_NAME = "$(TARGET_NAME)";
				SWIFT_VERSION = 3.0;
			};
			name = Release;
		};
/* End XCBuildConfiguration section */

/* Begin XCConfigurationList section */
		1F0EDB351F6E6EBC00B3325E /* Build configuration list for PBXProject "twitter app" */ = {
			isa = XCConfigurationList;
			buildConfigurations = (
				1F0EDB4D1F6E6EC900B3325E /* Debug */,
				1F0EDB4E1F6E6EC900B3325E /* Release */,
			);
			defaultConfigurationIsVisible = 0;
			defaultConfigurationName = Release;
		};
		1F0EDB4F1F6E6EC900B3325E /* Build configuration list for PBXNativeTarget "twitter app" */ = {
			isa = XCConfigurationList;
			buildConfigurations = (
				1F0EDB501F6E6EC900B3325E /* Debug */,
				1F0EDB511F6E6EC900B3325E /* Release */,
			);
			defaultConfigurationIsVisible = 0;
			defaultConfigurationName = Release;
		};
/* End XCConfigurationList section */

/* Begin XCVersionGroup section */
		1F0EDB441F6E6EC700B3325E /* twitter_app.xcdatamodeld */ = {
			isa = XCVersionGroup;
			children = (
				1F0EDB451F6E6EC700B3325E /* twitter_app.xcdatamodel */,
			);
			currentVersion = 1F0EDB451F6E6EC700B3325E /* twitter_app.xcdatamodel */;
			path = twitter_app.xcdatamodeld;
			sourceTree = "<group>";
			versionGroupType = wrapper.xcdatamodel;
		};
/* End XCVersionGroup section */
	};
	rootObject = 1F0EDB321F6E6EBB00B3325E /* Project object */;
}
